
Microsoft Visual Studio Solution File, Format Version 12.00
# Visual Studio Version 17
VisualStudioVersion = 17.14.36202.13 d17.14
MinimumVisualStudioVersion = 10.0.40219.1
Project("{FAE04EC0-301F-11D3-BF4B-00C04F79EFBC}") = "FavoDeMel", "FavoDeMel\FavoDeMel.csproj", "{0DEB66BF-0800-45D6-BE4B-4A12DE2B98F6}"
EndProject
Global
	GlobalSection(SolutionConfigurationPlatforms) = preSolution
		Debug|Any CPU = Debug|Any CPU
		Release|Any CPU = Release|Any CPU
	EndGlobalSection
	GlobalSection(ProjectConfigurationPlatforms) = postSolution
		{0DEB66BF-0800-45D6-BE4B-4A12DE2B98F6}.Debug|Any CPU.ActiveCfg = Debug|Any CPU
		{0DEB66BF-0800-45D6-BE4B-4A12DE2B98F6}.Debug|Any CPU.Build.0 = Debug|Any CPU
		{0DEB66BF-0800-45D6-BE4B-4A12DE2B98F6}.Release|Any CPU.ActiveCfg = Release|Any CPU
		{0DEB66BF-0800-45D6-BE4B-4A12DE2B98F6}.Release|Any CPU.Build.0 = Release|Any CPU
	EndGlobalSection
	GlobalSection(SolutionProperties) = preSolution
		HideSolutionNode = FALSE
	EndGlobalSection
	GlobalSection(ExtensibilityGlobals) = postSolution
		SolutionGuid = {79950101-3785-4370-81AF-CCC33771A427}
	EndGlobalSection
EndGlobal
